# This file is automatically @generated by Cargo.
# It is not intended for manual editing.
version = 4

[[package]]
name = "gerber-app"
version = "0.1.0"

[[package]]
name = "gerber-parser"
version = "0.1.0"

[[package]]
name = "gerber-plotter"
version = "0.1.0"

[[package]]
name = "gerber-render"
version = "0.1.0"
